
Microsoft Visual Studio Solution File, Format Version 12.00
# Visual Studio 15
VisualStudioVersion = 15.0.28307.329
MinimumVisualStudioVersion = 10.0.40219.1
Project("{159641D6-6404-4A2A-AE62-294DE0FE8301}") = "Primer proyecto GI2019", "Primer proyecto GI2019\Primer proyecto GI2019.dtproj", "{421A47F1-BD1F-459D-96AC-E1BA5080D13F}"
EndProject
Global
	GlobalSection(SolutionConfigurationPlatforms) = preSolution
		Development|Default = Development|Default
	EndGlobalSection
	GlobalSection(ProjectConfigurationPlatforms) = postSolution
		{421A47F1-BD1F-459D-96AC-E1BA5080D13F}.Development|Default.ActiveCfg = Development
		{421A47F1-BD1F-459D-96AC-E1BA5080D13F}.Development|Default.Build.0 = Development
	EndGlobalSection
	GlobalSection(SolutionProperties) = preSolution
		HideSolutionNode = FALSE
	EndGlobalSection
	GlobalSection(ExtensibilityGlobals) = postSolution
		SolutionGuid = {8B4489B0-3C32-446E-9CC9-AC28446C9662}
	EndGlobalSection
EndGlobal
